<?xml version="1.0" encoding="utf-8"?>
<Project ToolsVersion="4.0" xmlns="http://schemas.microsoft.com/developer/msbuild/2003">
  <ItemGroup>
    <Filter Include="Source Files">
      <UniqueIdentifier>{4FC737F1-C7A5-4376-A066-2A32D752A2FF}</UniqueIdentifier>
      <Extensions>cpp;c;cc;cxx;c++;cppm;ixx;def;odl;idl;hpj;bat;asm;asmx</Extensions>
    </Filter>
    <Filter Include="Header Files">
      <UniqueIdentifier>{93995380-89BD-4b04-88EB-625FBE52EBFB}</UniqueIdentifier>
      <Extensions>h;hh;hpp;hxx;h++;hm;inl;inc;ipp;xsd</Extensions>
    </Filter>
    <Filter Include="Resource Files">
      <UniqueIdentifier>{67DA6AB6-F800-4c08-8B7A-83BB121AAD01}</UniqueIdentifier>
      <Extensions>
        rc;ico;cur;bmp;dlg;rc2;rct;bin;rgs;gif;jpg;jpeg;jpe;resx;tiff;tif;png;wav;mfcribbon-ms</Extensions>
    </Filter>
    <Filter Include="Shaders">
      <UniqueIdentifier>{eb0b6e22-5b0d-47e2-8d00-9721cd9b6bc8}</UniqueIdentifier>
    </Filter>
    <Filter Include="Models">
      <UniqueIdentifier>{d7d715c7-376f-43ef-ad1b-41229cd37a9c}</UniqueIdentifier>
    </Filter>
    <Filter Include="Header Files\Entities">
      <UniqueIdentifier>{6b14f1bd-3ed3-4727-828d-d66f347b9d16}</UniqueIdentifier>
    </Filter>
    <Filter Include="Source Files\Entities">
      <UniqueIdentifier>{cc46bb93-1f34-4c43-b20f-59552752976c}</UniqueIdentifier>
    </Filter>
    <Filter Include="Sound Files">
      <UniqueIdentifier>{d5f36f17-9a8b-4609-b6df-738f4f5f0e3f}</UniqueIdentifier>
    </Filter>
    <Filter Include="Header Files\Vehicle Physx">
      <UniqueIdentifier>{d009192c-44b7-4a48-bfe8-61c6af871a71}</UniqueIdentifier>
    </Filter>
    <Filter Include="Header Files\Window &amp; Render">
      <UniqueIdentifier>{560fd68c-0a9d-4b27-bbce-42317f64f36b}</UniqueIdentifier>
    </Filter>
    <Filter Include="Header Files\Sound">
      <UniqueIdentifier>{95c53532-efa6-416b-b7f3-f4c10a3e9e6d}</UniqueIdentifier>
    </Filter>
    <Filter Include="Source Files\Sound">
      <UniqueIdentifier>{9c1b4d85-9857-4827-ab33-85b0db5d2263}</UniqueIdentifier>
    </Filter>
    <Filter Include="Source Files\Window &amp; Render">
      <UniqueIdentifier>{8c8d5be1-82a3-4534-bb4a-cfa091048b95}</UniqueIdentifier>
    </Filter>
    <Filter Include="Source Files\Vehicle Physx">
      <UniqueIdentifier>{c2d22973-641c-4e90-a60e-a54f6db45799}</UniqueIdentifier>
    </Filter>
    <Filter Include="Header Files\Log">
      <UniqueIdentifier>{6bdef215-aaa3-46f0-b5e8-ce8f6a18d0a6}</UniqueIdentifier>
    </Filter>
    <Filter Include="Header Files\Physics">
      <UniqueIdentifier>{52264467-6cc5-4bfa-a554-665ba292ac39}</UniqueIdentifier>
    </Filter>
    <Filter Include="Source Files\Physics">
      <UniqueIdentifier>{73752a11-5ef2-4e82-866a-0e32dce1751d}</UniqueIdentifier>
    </Filter>
    <Filter Include="Header Files\Handlers">
      <UniqueIdentifier>{8e9c2565-63a8-4859-802f-706fb0bf54e8}</UniqueIdentifier>
    </Filter>
    <Filter Include="Source Files\Handlers">
      <UniqueIdentifier>{334b5ea3-3f84-4cd8-b773-7e6c97d26a68}</UniqueIdentifier>
    </Filter>
  </ItemGroup>
  <ItemGroup>
    <ClCompile Include="main.cpp">
      <Filter>Source Files</Filter>
    </ClCompile>
    <ClCompile Include="Vehicle.cpp">
      <Filter>Source Files\Entities</Filter>
    </ClCompile>
    <ClCompile Include="AIVehicle.cpp">
      <Filter>Source Files\Entities</Filter>
    </ClCompile>
    <ClCompile Include="Obstacle.cpp">
      <Filter>Source Files\Entities</Filter>
    </ClCompile>
    <ClCompile Include="SoundBuffer.cpp">
      <Filter>Source Files\Sound</Filter>
    </ClCompile>
    <ClCompile Include="SoundDevice.cpp">
      <Filter>Source Files\Sound</Filter>
    </ClCompile>
    <ClCompile Include="SoundSource.cpp">
      <Filter>Source Files\Sound</Filter>
    </ClCompile>
    <ClCompile Include="MusicBuffer.cpp">
      <Filter>Source Files\Sound</Filter>
    </ClCompile>
    <ClCompile Include="Camera.cpp">
      <Filter>Source Files\Window &amp; Render</Filter>
    </ClCompile>
    <ClCompile Include="snippetvehicle2common\serialization\BaseSerialization.cpp">
      <Filter>Source Files\Vehicle Physx</Filter>
    </ClCompile>
    <ClCompile Include="snippetvehicle2common\directdrivetrain\DirectDrivetrain.cpp">
      <Filter>Source Files\Vehicle Physx</Filter>
    </ClCompile>
    <ClCompile Include="snippetvehicle2common\serialization\DirectDrivetrainSerialization.cpp">
      <Filter>Source Files\Vehicle Physx</Filter>
    </ClCompile>
    <ClCompile Include="snippetvehicle2common\enginedrivetrain\EngineDrivetrain.cpp">
      <Filter>Source Files\Vehicle Physx</Filter>
    </ClCompile>
    <ClCompile Include="snippetvehicle2common\serialization\EngineDrivetrainSerialization.cpp">
      <Filter>Source Files\Vehicle Physx</Filter>
    </ClCompile>
    <ClCompile Include="snippetvehicle2common\base\Base.cpp">
      <Filter>Source Files\Vehicle Physx</Filter>
    </ClCompile>
    <ClCompile Include="ElementBuffer.cpp">
      <Filter>Source Files\Window &amp; Render</Filter>
    </ClCompile>
    <ClCompile Include="Geometry.cpp">
      <Filter>Source Files\Window &amp; Render</Filter>
    </ClCompile>
    <ClCompile Include="GLDebug.cpp">
      <Filter>Source Files\Window &amp; Render</Filter>
    </ClCompile>
    <ClCompile Include="GLHandles.cpp">
      <Filter>Source Files\Window &amp; Render</Filter>
    </ClCompile>
    <ClCompile Include="InputHandler.cpp">
      <Filter>Source Files\Window &amp; Render</Filter>
    </ClCompile>
    <ClCompile Include="Overlay.cpp">
      <Filter>Source Files\Window &amp; Render</Filter>
    </ClCompile>
    <ClCompile Include="snippetvehicle2common\serialization\SerializationCommon.cpp">
      <Filter>Source Files\Vehicle Physx</Filter>
    </ClCompile>
    <ClCompile Include="Shader.cpp">
      <Filter>Source Files\Window &amp; Render</Filter>
    </ClCompile>
    <ClCompile Include="RayBeam.cpp">
      <Filter>Source Files\Entities</Filter>
    </ClCompile>
    <ClCompile Include="ShaderProgram.cpp">
      <Filter>Source Files\Window &amp; Render</Filter>
    </ClCompile>
    <ClCompile Include="RenderingSystem.cpp">
      <Filter>Source Files\Window &amp; Render</Filter>
    </ClCompile>
    <ClCompile Include="snippetvehicle2common\physxintegration\PhysXIntegration.cpp">
      <Filter>Source Files\Vehicle Physx</Filter>
    </ClCompile>
    <ClCompile Include="snippetrender\SnippetCamera.cpp">
      <Filter>Source Files\Vehicle Physx</Filter>
    </ClCompile>
    <ClCompile Include="snippetrender\SnippetFontRenderer.cpp">
      <Filter>Source Files\Vehicle Physx</Filter>
    </ClCompile>
    <ClCompile Include="snippetrender\SnippetRender.cpp">
      <Filter>Source Files\Vehicle Physx</Filter>
    </ClCompile>
    <ClCompile Include="snippetvehicle2directdrive\SnippetVehicleDirectDrive.cpp">
      <Filter>Source Files\Vehicle Physx</Filter>
    </ClCompile>
    <ClCompile Include="snippetvehicle2common\SnippetVehicleHelpers.cpp">
      <Filter>Source Files\Vehicle Physx</Filter>
    </ClCompile>
    <ClCompile Include="snippetvehicle2directdrive\SnippetVehicleRender.cpp">
      <Filter>Source Files\Vehicle Physx</Filter>
    </ClCompile>
    <ClCompile Include="Texture.cpp">
      <Filter>Source Files\Window &amp; Render</Filter>
    </ClCompile>
    <ClCompile Include="VertexArray.cpp">
      <Filter>Source Files\Window &amp; Render</Filter>
    </ClCompile>
    <ClCompile Include="VertexBuffer.cpp">
      <Filter>Source Files\Window &amp; Render</Filter>
    </ClCompile>
    <ClCompile Include="Window.cpp">
      <Filter>Source Files\Window &amp; Render</Filter>
    </ClCompile>
    <ClCompile Include="PhysicsSystem.cpp">
      <Filter>Source Files\Physics</Filter>
    </ClCompile>
    <ClCompile Include="NavMesh.cpp">
      <Filter>Source Files\Physics</Filter>
    </ClCompile>
    <ClCompile Include="Pathfinder.cpp">
      <Filter>Source Files\Physics</Filter>
    </ClCompile>
    <ClCompile Include="InputHandler.cpp">
      <Filter>Source Files\Handlers</Filter>
    </ClCompile>
    <ClCompile Include="StateHandler.cpp">
      <Filter>Source Files\Handlers</Filter>
    </ClCompile>
    <ClCompile Include="ECS.cpp">
      <Filter>Source Files\Entities</Filter>
    </ClCompile>
    <ClCompile Include="Ground.cpp">
      <Filter>Source Files\Entities</Filter>
    </ClCompile>
  </ItemGroup>
  <ItemGroup>
    <ClInclude Include="Vehicle.h">
      <Filter>Header Files\Entities</Filter>
    </ClInclude>
    <ClInclude Include="Ground.h">
      <Filter>Header Files\Entities</Filter>
    </ClInclude>
    <ClInclude Include="AIVehicle.h">
      <Filter>Header Files\Entities</Filter>
    </ClInclude>
    <ClInclude Include="Obstacle.h">
      <Filter>Header Files\Entities</Filter>
    </ClInclude>
    <ClInclude Include="PhysicsEntity.h">
      <Filter>Header Files\Entities</Filter>
    </ClInclude>
    <ClInclude Include="snippetvehicle2common\base\Base.h">
      <Filter>Header Files\Vehicle Physx</Filter>
    </ClInclude>
    <ClInclude Include="snippetvehicle2common\serialization\BaseSerialization.h">
      <Filter>Header Files\Vehicle Physx</Filter>
    </ClInclude>
    <ClInclude Include="Callbacks.h">
      <Filter>Header Files\Window &amp; Render</Filter>
    </ClInclude>
    <ClInclude Include="Camera.h">
      <Filter>Header Files\Window &amp; Render</Filter>
    </ClInclude>
    <ClInclude Include="snippetvehicle2common\directdrivetrain\DirectDrivetrain.h">
      <Filter>Header Files\Vehicle Physx</Filter>
    </ClInclude>
    <ClInclude Include="snippetvehicle2common\serialization\DirectDrivetrainSerialization.h">
      <Filter>Header Files\Vehicle Physx</Filter>
    </ClInclude>
    <ClInclude Include="ElementBuffer.h">
      <Filter>Header Files\Window &amp; Render</Filter>
    </ClInclude>
    <ClInclude Include="snippetvehicle2common\enginedrivetrain\EngineDrivetrain.h">
      <Filter>Header Files\Vehicle Physx</Filter>
    </ClInclude>
    <ClInclude Include="snippetvehicle2common\serialization\EngineDrivetrainSerialization.h">
      <Filter>Header Files\Vehicle Physx</Filter>
    </ClInclude>
    <ClInclude Include="Geometry.h">
      <Filter>Header Files\Window &amp; Render</Filter>
    </ClInclude>
    <ClInclude Include="GLDebug.h">
      <Filter>Header Files\Window &amp; Render</Filter>
    </ClInclude>
    <ClInclude Include="GLHandles.h">
      <Filter>Header Files\Window &amp; Render</Filter>
    </ClInclude>
    <ClInclude Include="snippetvehicle2common\physxintegration\PhysXIntegration.h">
      <Filter>Header Files\Vehicle Physx</Filter>
    </ClInclude>
    <ClInclude Include="snippetvehicle2common\serialization\SerializationCommon.h">
      <Filter>Header Files\Vehicle Physx</Filter>
    </ClInclude>
    <ClInclude Include="snippetrender\SnippetCamera.h">
      <Filter>Header Files\Vehicle Physx</Filter>
    </ClInclude>
    <ClInclude Include="snippetrender\SnippetFontData.h">
      <Filter>Header Files\Vehicle Physx</Filter>
    </ClInclude>
    <ClInclude Include="snippetrender\SnippetFontRenderer.h">
      <Filter>Header Files\Vehicle Physx</Filter>
    </ClInclude>
    <ClInclude Include="snippetrender\SnippetRender.h">
      <Filter>Header Files\Vehicle Physx</Filter>
    </ClInclude>
    <ClInclude Include="snippetvehicle2common\SnippetVehicleHelpers.h">
      <Filter>Header Files\Vehicle Physx</Filter>
    </ClInclude>
    <ClInclude Include="SoundBuffer.h">
      <Filter>Header Files\Sound</Filter>
    </ClInclude>
    <ClInclude Include="SoundDevice.h">
      <Filter>Header Files\Sound</Filter>
    </ClInclude>
    <ClInclude Include="SoundSource.h">
      <Filter>Header Files\Sound</Filter>
    </ClInclude>
    <ClInclude Include="WindowCallbacks.h">
      <Filter>Header Files\Window &amp; Render</Filter>
    </ClInclude>
    <ClInclude Include="Shader.h">
      <Filter>Header Files\Window &amp; Render</Filter>
    </ClInclude>
    <ClInclude Include="ShaderProgram.h">
      <Filter>Header Files\Window &amp; Render</Filter>
    </ClInclude>
    <ClInclude Include="Texture.h">
      <Filter>Header Files\Window &amp; Render</Filter>
    </ClInclude>
    <ClInclude Include="Transform.h">
      <Filter>Header Files\Window &amp; Render</Filter>
    </ClInclude>
    <ClInclude Include="VertexArray.h">
      <Filter>Header Files\Window &amp; Render</Filter>
    </ClInclude>
    <ClInclude Include="VertexBuffer.h">
      <Filter>Header Files\Window &amp; Render</Filter>
    </ClInclude>
    <ClInclude Include="Window.h">
      <Filter>Header Files\Window &amp; Render</Filter>
    </ClInclude>
    <ClInclude Include="MusicBuffer.h">
      <Filter>Header Files\Sound</Filter>
    </ClInclude>
    <ClInclude Include="Overlay.h">
      <Filter>Header Files\Window &amp; Render</Filter>
    </ClInclude>
    <ClInclude Include="RayBeam.h">
      <Filter>Header Files\Entities</Filter>
    </ClInclude>
    <ClInclude Include="RenderingSystem.h">
      <Filter>Header Files\Window &amp; Render</Filter>
    </ClInclude>
    <ClInclude Include="Model.h">
      <Filter>Header Files\Window &amp; Render</Filter>
    </ClInclude>
    <ClInclude Include="Mesh.h">
      <Filter>Header Files\Window &amp; Render</Filter>
    </ClInclude>
    <ClInclude Include="Log.h">
      <Filter>Header Files\Log</Filter>
    </ClInclude>
    <ClInclude Include="LogWriter.h">
      <Filter>Header Files\Log</Filter>
    </ClInclude>
    <ClInclude Include="Entity.h">
      <Filter>Header Files\Entities</Filter>
    </ClInclude>
    <ClInclude Include="NavMesh.h">
      <Filter>Header Files\Physics</Filter>
    </ClInclude>
    <ClInclude Include="Node.h">
      <Filter>Header Files\Physics</Filter>
    </ClInclude>
    <ClInclude Include="Pathfinder.h">
      <Filter>Header Files\Physics</Filter>
    </ClInclude>
    <ClInclude Include="PhysicsProvider.h">
      <Filter>Header Files\Physics</Filter>
    </ClInclude>
    <ClInclude Include="PhysicsSystem.h">
      <Filter>Header Files\Physics</Filter>
    </ClInclude>
    <ClInclude Include="InputHandler.h">
      <Filter>Header Files\Handlers</Filter>
    </ClInclude>
    <ClInclude Include="StateHandler.h">
      <Filter>Header Files\Handlers</Filter>
    </ClInclude>
    <ClInclude Include="ECS.h">
      <Filter>Header Files\Entities</Filter>
    </ClInclude>
    <ClInclude Include="InputHandler.h">
      <Filter>Header Files\Window &amp; Render</Filter>
    </ClInclude>
    <ClInclude Include="AIPathHandler.h">
      <Filter>Header Files\Handlers</Filter>
    </ClInclude>
    <ClInclude Include="ConstantsHelper.h">
      <Filter>Header Files\Handlers</Filter>
    </ClInclude>
  </ItemGroup>
  <ItemGroup>
    <None Include=".\\Main.frag">
      <Filter>Shaders</Filter>
    </None>
    <None Include=".\\Main.vert">
      <Filter>Shaders</Filter>
    </None>
    <None Include="basic.frag">
      <Filter>Shaders</Filter>
    </None>
    <None Include="basic.vert">
      <Filter>Shaders</Filter>
    </None>
    <None Include="car.frag">
      <Filter>Shaders</Filter>
    </None>
    <None Include="car.vert">
      <Filter>Shaders</Filter>
    </None>
    <None Include="debug.frag">
      <Filter>Shaders</Filter>
    </None>
    <None Include="debug.vert">
      <Filter>Shaders</Filter>
    </None>
  </ItemGroup>
  <ItemGroup>
    <Image Include="assets\models\test-rock-base.png">
      <Filter>Models</Filter>
    </Image>
    <Image Include="assets\models\concrete.jpg">
      <Filter>Resource Files</Filter>
    </Image>
    <Image Include="assets\models\GoodCarBase.png">
      <Filter>Resource Files</Filter>
    </Image>
    <Image Include="assets\models\GoodCarBaseCol.png">
      <Filter>Resource Files</Filter>
    </Image>
    <Image Include="assets\models\GoodCarEmission.png">
      <Filter>Resource Files</Filter>
    </Image>
    <Image Include="assets\models\GoodCarSpecular.png">
      <Filter>Resource Files</Filter>
    </Image>
    <Image Include="assets\models\better-car-v2.mtl">
      <Filter>Models</Filter>
    </Image>
    <Image Include="assets\models\better-car-v2.obj">
      <Filter>Models</Filter>
    </Image>
    <Image Include="assets\models\ground-plane.mtl">
      <Filter>Models</Filter>
    </Image>
    <Image Include="assets\models\ground-plane.obj">
      <Filter>Models</Filter>
    </Image>
    <Image Include="assets\models\test-obstacle-rock.mtl">
      <Filter>Models</Filter>
    </Image>
    <Image Include="assets\models\test-obstacle-rock.obj">
      <Filter>Models</Filter>
    </Image>
  </ItemGroup>
  <ItemGroup>
    <Media Include="sound\laser-shoot.wav">
      <Filter>Sound Files</Filter>
    </Media>
    <Media Include="sound\TownTheme.wav">
      <Filter>Sound Files</Filter>
    </Media>
    <Media Include="sound\blessing.ogg">
      <Filter>Sound Files</Filter>
    </Media>
    <Media Include="sound\spell.ogg">
      <Filter>Sound Files</Filter>
    </Media>
  </ItemGroup>
</Project>